
Microsoft Visual Studio Solution File, Format Version 12.00
# Visual Studio Version 16
VisualStudioVersion = 16.0.31911.196
MinimumVisualStudioVersion = 10.0.40219.1
Project("{FAE04EC0-301F-11D3-BF4B-00C04F79EFBC}") = "TaskManagerDemo", "TaskManagerDemo\TaskManagerDemo.csproj", "{F93D6EEF-C3F3-4583-A981-B3A350F4A763}"
EndProject
Global
	GlobalSection(SolutionConfigurationPlatforms) = preSolution
		Debug|Any CPU = Debug|Any CPU
		Release|Any CPU = Release|Any CPU
	EndGlobalSection
	GlobalSection(ProjectConfigurationPlatforms) = postSolution
		{F93D6EEF-C3F3-4583-A981-B3A350F4A763}.Debug|Any CPU.ActiveCfg = Debug|Any CPU
		{F93D6EEF-C3F3-4583-A981-B3A350F4A763}.Debug|Any CPU.Build.0 = Debug|Any CPU
		{F93D6EEF-C3F3-4583-A981-B3A350F4A763}.Release|Any CPU.ActiveCfg = Release|Any CPU
		{F93D6EEF-C3F3-4583-A981-B3A350F4A763}.Release|Any CPU.Build.0 = Release|Any CPU
	EndGlobalSection
	GlobalSection(SolutionProperties) = preSolution
		HideSolutionNode = FALSE
	EndGlobalSection
	GlobalSection(ExtensibilityGlobals) = postSolution
		SolutionGuid = {00532F45-8D4D-4383-943E-C5287ABC7CFB}
	EndGlobalSection
EndGlobal
